
Microsoft Visual Studio Solution File, Format Version 12.00
# Visual Studio 15
VisualStudioVersion = 15.0.26730.16
MinimumVisualStudioVersion = 10.0.40219.1
Project("{FAE04EC0-301F-11D3-BF4B-00C04F79EFBC}") = "GeneticAlgorithm", "GeneticAlgorithm\GeneticAlgorithm.csproj", "{70D0BF12-E8AB-4407-8F39-E35071B9D735}"
EndProject
Global
	GlobalSection(SolutionConfigurationPlatforms) = preSolution
		Debug|Any CPU = Debug|Any CPU
		Release|Any CPU = Release|Any CPU
	EndGlobalSection
	GlobalSection(ProjectConfigurationPlatforms) = postSolution
		{70D0BF12-E8AB-4407-8F39-E35071B9D735}.Debug|Any CPU.ActiveCfg = Debug|Any CPU
		{70D0BF12-E8AB-4407-8F39-E35071B9D735}.Debug|Any CPU.Build.0 = Debug|Any CPU
		{70D0BF12-E8AB-4407-8F39-E35071B9D735}.Release|Any CPU.ActiveCfg = Release|Any CPU
		{70D0BF12-E8AB-4407-8F39-E35071B9D735}.Release|Any CPU.Build.0 = Release|Any CPU
	EndGlobalSection
	GlobalSection(SolutionProperties) = preSolution
		HideSolutionNode = FALSE
	EndGlobalSection
	GlobalSection(ExtensibilityGlobals) = postSolution
		SolutionGuid = {5E3302B2-99B3-48F3-A159-B69B0FB44C55}
	EndGlobalSection
EndGlobal
